
Microsoft Visual Studio Solution File, Format Version 12.00
# Visual Studio Version 17
VisualStudioVersion = 17.12.35527.113
MinimumVisualStudioVersion = 10.0.40219.1
Project("{2150E333-8FDC-42A3-9474-1A3956D46DE8}") = "Win", "Win", "{36D591C7-65C7-A0D1-1CBC-10CDE441BDC8}"
EndProject
Project("{FAE04EC0-301F-11D3-BF4B-00C04F79EFBC}") = "PhysFS.NET", "platform-win\PhysFS.NET.csproj", "{1A729658-1405-0C19-8FF3-7CD8EA4D8750}"
EndProject
Project("{2150E333-8FDC-42A3-9474-1A3956D46DE8}") = "Android", "Android", "{D820F155-B695-4715-B28A-4D8190371D03}"
EndProject
Project("{FAE04EC0-301F-11D3-BF4B-00C04F79EFBC}") = "PhysFS.NET", "platform-android\PhysFS.NET.csproj", "{5A0092D3-FFF0-8372-7C76-8B0CB7D395AD}"
EndProject
Project("{2150E333-8FDC-42A3-9474-1A3956D46DE8}") = "armeabi-v7a", "armeabi-v7a", "{F575138A-8299-4729-BDD0-60BE56C94CDB}"
EndProject
Project("{8BC9CEB8-8B4A-11D0-8D11-00A0C91BC942}") = "physfs", "physfs\build\armeabi-v7a\physfs.vcxproj", "{4B21217B-6260-3AEB-B443-77010D68E370}"
EndProject
Project("{2150E333-8FDC-42A3-9474-1A3956D46DE8}") = "arm64-v8a", "arm64-v8a", "{684DA233-EC7C-46CA-9845-19E6448A52FC}"
EndProject
Project("{8BC9CEB8-8B4A-11D0-8D11-00A0C91BC942}") = "physfs", "physfs\build\arm64-v8a\physfs.vcxproj", "{77B29BBB-F0D5-3472-A1ED-21ED68928C8B}"
EndProject
Project("{2150E333-8FDC-42A3-9474-1A3956D46DE8}") = "Win32", "Win32", "{6F943A42-4F8B-4A2F-AC64-117630007A98}"
EndProject
Project("{2150E333-8FDC-42A3-9474-1A3956D46DE8}") = "x64", "x64", "{D173A1B7-14BE-4DC4-A66F-63DBAF493ABD}"
EndProject
Project("{8BC9CEB8-8B4A-11D0-8D11-00A0C91BC942}") = "physfs", "physfs\build\Win32\physfs.vcxproj", "{A810BB2F-F284-3B40-A73E-2C963F9B4B28}"
EndProject
Project("{8BC9CEB8-8B4A-11D0-8D11-00A0C91BC942}") = "physfs", "physfs\build\x64\physfs.vcxproj", "{6BC8520C-0A16-3AAA-83F3-28B5BB2A10C8}"
EndProject
Global
	GlobalSection(SolutionConfigurationPlatforms) = preSolution
		Debug|Any CPU = Debug|Any CPU
		Release|Any CPU = Release|Any CPU
	EndGlobalSection
	GlobalSection(ProjectConfigurationPlatforms) = postSolution
		{1A729658-1405-0C19-8FF3-7CD8EA4D8750}.Debug|Any CPU.ActiveCfg = Debug|x64
		{1A729658-1405-0C19-8FF3-7CD8EA4D8750}.Debug|Any CPU.Build.0 = Debug|x64
		{1A729658-1405-0C19-8FF3-7CD8EA4D8750}.Release|Any CPU.ActiveCfg = Release|x86
		{5A0092D3-FFF0-8372-7C76-8B0CB7D395AD}.Debug|Any CPU.ActiveCfg = Debug|Any CPU
		{5A0092D3-FFF0-8372-7C76-8B0CB7D395AD}.Debug|Any CPU.Build.0 = Debug|Any CPU
		{5A0092D3-FFF0-8372-7C76-8B0CB7D395AD}.Release|Any CPU.ActiveCfg = Release|Any CPU
		{5A0092D3-FFF0-8372-7C76-8B0CB7D395AD}.Release|Any CPU.Build.0 = Release|Any CPU
		{5A0092D3-FFF0-8372-7C76-8B0CB7D395AD}.Release|Any CPU.Deploy.0 = Release|Any CPU
		{4B21217B-6260-3AEB-B443-77010D68E370}.Debug|Any CPU.ActiveCfg = Debug|ARM
		{4B21217B-6260-3AEB-B443-77010D68E370}.Debug|Any CPU.Build.0 = Debug|ARM
		{4B21217B-6260-3AEB-B443-77010D68E370}.Release|Any CPU.ActiveCfg = Release|ARM
		{4B21217B-6260-3AEB-B443-77010D68E370}.Release|Any CPU.Build.0 = Release|ARM
		{77B29BBB-F0D5-3472-A1ED-21ED68928C8B}.Debug|Any CPU.ActiveCfg = Debug|ARM64
		{77B29BBB-F0D5-3472-A1ED-21ED68928C8B}.Debug|Any CPU.Build.0 = Debug|ARM64
		{77B29BBB-F0D5-3472-A1ED-21ED68928C8B}.Release|Any CPU.ActiveCfg = Release|ARM64
		{77B29BBB-F0D5-3472-A1ED-21ED68928C8B}.Release|Any CPU.Build.0 = Release|ARM64
		{A810BB2F-F284-3B40-A73E-2C963F9B4B28}.Debug|Any CPU.ActiveCfg = Debug|Win32
		{A810BB2F-F284-3B40-A73E-2C963F9B4B28}.Debug|Any CPU.Build.0 = Debug|Win32
		{A810BB2F-F284-3B40-A73E-2C963F9B4B28}.Release|Any CPU.ActiveCfg = Release|Win32
		{A810BB2F-F284-3B40-A73E-2C963F9B4B28}.Release|Any CPU.Build.0 = Release|Win32
		{6BC8520C-0A16-3AAA-83F3-28B5BB2A10C8}.Debug|Any CPU.ActiveCfg = Debug|x64
		{6BC8520C-0A16-3AAA-83F3-28B5BB2A10C8}.Debug|Any CPU.Build.0 = Debug|x64
		{6BC8520C-0A16-3AAA-83F3-28B5BB2A10C8}.Release|Any CPU.ActiveCfg = Release|x64
		{6BC8520C-0A16-3AAA-83F3-28B5BB2A10C8}.Release|Any CPU.Build.0 = Release|x64
	EndGlobalSection
	GlobalSection(SolutionProperties) = preSolution
		HideSolutionNode = FALSE
	EndGlobalSection
	GlobalSection(NestedProjects) = preSolution
		{1A729658-1405-0C19-8FF3-7CD8EA4D8750} = {36D591C7-65C7-A0D1-1CBC-10CDE441BDC8}
		{5A0092D3-FFF0-8372-7C76-8B0CB7D395AD} = {D820F155-B695-4715-B28A-4D8190371D03}
		{F575138A-8299-4729-BDD0-60BE56C94CDB} = {D820F155-B695-4715-B28A-4D8190371D03}
		{4B21217B-6260-3AEB-B443-77010D68E370} = {F575138A-8299-4729-BDD0-60BE56C94CDB}
		{684DA233-EC7C-46CA-9845-19E6448A52FC} = {D820F155-B695-4715-B28A-4D8190371D03}
		{77B29BBB-F0D5-3472-A1ED-21ED68928C8B} = {684DA233-EC7C-46CA-9845-19E6448A52FC}
		{6F943A42-4F8B-4A2F-AC64-117630007A98} = {36D591C7-65C7-A0D1-1CBC-10CDE441BDC8}
		{D173A1B7-14BE-4DC4-A66F-63DBAF493ABD} = {36D591C7-65C7-A0D1-1CBC-10CDE441BDC8}
		{A810BB2F-F284-3B40-A73E-2C963F9B4B28} = {6F943A42-4F8B-4A2F-AC64-117630007A98}
		{6BC8520C-0A16-3AAA-83F3-28B5BB2A10C8} = {D173A1B7-14BE-4DC4-A66F-63DBAF493ABD}
	EndGlobalSection
	GlobalSection(ExtensibilityGlobals) = postSolution
		SolutionGuid = {ABC9B0E3-79FA-4760-A1B6-D09BE91538BC}
	EndGlobalSection
EndGlobal
