
Microsoft Visual Studio Solution File, Format Version 12.00
# Visual Studio Version 17
VisualStudioVersion = 17.12.35527.113
MinimumVisualStudioVersion = 10.0.40219.1
Project("{2150E333-8FDC-42A3-9474-1A3956D46DE8}") = "platform-win", "platform-win", "{36D591C7-65C7-A0D1-1CBC-10CDE441BDC8}"
EndProject
Project("{FAE04EC0-301F-11D3-BF4B-00C04F79EFBC}") = "PhysFS.NET", "platform-win\PhysFS.NET.csproj", "{1A729658-1405-0C19-8FF3-7CD8EA4D8750}"
EndProject
Project("{2150E333-8FDC-42A3-9474-1A3956D46DE8}") = "platform-android", "platform-android", "{D820F155-B695-4715-B28A-4D8190371D03}"
EndProject
Project("{FAE04EC0-301F-11D3-BF4B-00C04F79EFBC}") = "PhysFS.NET", "platform-android\PhysFS.NET.csproj", "{5A0092D3-FFF0-8372-7C76-8B0CB7D395AD}"
EndProject
Project("{2150E333-8FDC-42A3-9474-1A3956D46DE8}") = "armeabi-v7a", "armeabi-v7a", "{F575138A-8299-4729-BDD0-60BE56C94CDB}"
EndProject
Project("{8BC9CEB8-8B4A-11D0-8D11-00A0C91BC942}") = "physfs", "physfs\build\armeabi-v7a\physfs.vcxproj", "{2AB2A3E3-690D-3D93-9BF6-F7FBE0A0201C}"
EndProject
Project("{2150E333-8FDC-42A3-9474-1A3956D46DE8}") = "arm64-v8a", "arm64-v8a", "{684DA233-EC7C-46CA-9845-19E6448A52FC}"
EndProject
Project("{8BC9CEB8-8B4A-11D0-8D11-00A0C91BC942}") = "physfs", "physfs\build\arm64-v8a\physfs.vcxproj", "{2525673D-2E5A-314F-883A-6E9C3C22CC87}"
EndProject
Project("{2150E333-8FDC-42A3-9474-1A3956D46DE8}") = "Win32", "Win32", "{6F943A42-4F8B-4A2F-AC64-117630007A98}"
EndProject
Project("{2150E333-8FDC-42A3-9474-1A3956D46DE8}") = "x64", "x64", "{D173A1B7-14BE-4DC4-A66F-63DBAF493ABD}"
EndProject
Project("{8BC9CEB8-8B4A-11D0-8D11-00A0C91BC942}") = "physfs", "physfs\build\Win32\physfs.vcxproj", "{792CC06A-C34B-3AA5-8FEC-6E8B4DF96B9C}"
EndProject
Project("{8BC9CEB8-8B4A-11D0-8D11-00A0C91BC942}") = "physfs", "physfs\build\x64\physfs.vcxproj", "{AC230411-1BAC-3EB9-ACA5-89F22D7CC017}"
EndProject
Project("{2150E333-8FDC-42A3-9474-1A3956D46DE8}") = "_Solution Items", "_Solution Items", "{6D9FF12B-2B99-4696-A01C-7FBA66CE10D7}"
	ProjectSection(SolutionItems) = preProject
		.editorconfig = .editorconfig
	EndProjectSection
EndProject
Project("{2150E333-8FDC-42A3-9474-1A3956D46DE8}") = "test", "test", "{7F712296-7B5B-4948-A1B7-0955A94308CA}"
EndProject
Project("{FAE04EC0-301F-11D3-BF4B-00C04F79EFBC}") = "TestPhysFsWin", "test\platform-win\TestPhysFsWin.csproj", "{D5926D71-3AA9-4597-BC48-872955231286}"
EndProject
Project("{FAE04EC0-301F-11D3-BF4B-00C04F79EFBC}") = "TestPhysFsAndroid", "test\platform-android\TestPhysFsAndroid.csproj", "{B67E004C-D6A3-4B30-9796-7FDE05AB3CF0}"
EndProject
Global
	GlobalSection(SolutionConfigurationPlatforms) = preSolution
		Debug|ARM = Debug|ARM
		Debug|x64 = Debug|x64
		Debug|x86 = Debug|x86
		Release|ARM = Release|ARM
		Release|x64 = Release|x64
		Release|x86 = Release|x86
	EndGlobalSection
	GlobalSection(ProjectConfigurationPlatforms) = postSolution
		{1A729658-1405-0C19-8FF3-7CD8EA4D8750}.Debug|ARM.ActiveCfg = Debug|x64
		{1A729658-1405-0C19-8FF3-7CD8EA4D8750}.Debug|x64.ActiveCfg = Debug|x64
		{1A729658-1405-0C19-8FF3-7CD8EA4D8750}.Debug|x64.Build.0 = Debug|x64
		{1A729658-1405-0C19-8FF3-7CD8EA4D8750}.Debug|x86.ActiveCfg = Debug|x86
		{1A729658-1405-0C19-8FF3-7CD8EA4D8750}.Debug|x86.Build.0 = Debug|x86
		{1A729658-1405-0C19-8FF3-7CD8EA4D8750}.Release|ARM.ActiveCfg = Release|x64
		{1A729658-1405-0C19-8FF3-7CD8EA4D8750}.Release|x64.ActiveCfg = Release|x64
		{1A729658-1405-0C19-8FF3-7CD8EA4D8750}.Release|x64.Build.0 = Release|x64
		{1A729658-1405-0C19-8FF3-7CD8EA4D8750}.Release|x86.ActiveCfg = Release|x86
		{1A729658-1405-0C19-8FF3-7CD8EA4D8750}.Release|x86.Build.0 = Release|x86
		{5A0092D3-FFF0-8372-7C76-8B0CB7D395AD}.Debug|ARM.ActiveCfg = Debug|Any CPU
		{5A0092D3-FFF0-8372-7C76-8B0CB7D395AD}.Debug|ARM.Build.0 = Debug|Any CPU
		{5A0092D3-FFF0-8372-7C76-8B0CB7D395AD}.Debug|x64.ActiveCfg = Debug|Any CPU
		{5A0092D3-FFF0-8372-7C76-8B0CB7D395AD}.Debug|x86.ActiveCfg = Debug|Any CPU
		{5A0092D3-FFF0-8372-7C76-8B0CB7D395AD}.Release|ARM.ActiveCfg = Release|Any CPU
		{5A0092D3-FFF0-8372-7C76-8B0CB7D395AD}.Release|ARM.Build.0 = Release|Any CPU
		{5A0092D3-FFF0-8372-7C76-8B0CB7D395AD}.Release|ARM.Deploy.0 = Release|Any CPU
		{5A0092D3-FFF0-8372-7C76-8B0CB7D395AD}.Release|x64.ActiveCfg = Release|Any CPU
		{5A0092D3-FFF0-8372-7C76-8B0CB7D395AD}.Release|x64.Deploy.0 = Release|Any CPU
		{5A0092D3-FFF0-8372-7C76-8B0CB7D395AD}.Release|x86.ActiveCfg = Release|Any CPU
		{5A0092D3-FFF0-8372-7C76-8B0CB7D395AD}.Release|x86.Deploy.0 = Release|Any CPU
		{2AB2A3E3-690D-3D93-9BF6-F7FBE0A0201C}.Debug|ARM.ActiveCfg = Debug|ARM
		{2AB2A3E3-690D-3D93-9BF6-F7FBE0A0201C}.Debug|ARM.Build.0 = Debug|ARM
		{2AB2A3E3-690D-3D93-9BF6-F7FBE0A0201C}.Debug|x64.ActiveCfg = Debug|ARM
		{2AB2A3E3-690D-3D93-9BF6-F7FBE0A0201C}.Debug|x86.ActiveCfg = Debug|ARM
		{2AB2A3E3-690D-3D93-9BF6-F7FBE0A0201C}.Release|ARM.ActiveCfg = Release|ARM
		{2AB2A3E3-690D-3D93-9BF6-F7FBE0A0201C}.Release|ARM.Build.0 = Release|ARM
		{2AB2A3E3-690D-3D93-9BF6-F7FBE0A0201C}.Release|x64.ActiveCfg = Release|ARM
		{2AB2A3E3-690D-3D93-9BF6-F7FBE0A0201C}.Release|x86.ActiveCfg = Release|ARM
		{2525673D-2E5A-314F-883A-6E9C3C22CC87}.Debug|ARM.ActiveCfg = Debug|ARM64
		{2525673D-2E5A-314F-883A-6E9C3C22CC87}.Debug|ARM.Build.0 = Debug|ARM64
		{2525673D-2E5A-314F-883A-6E9C3C22CC87}.Debug|x64.ActiveCfg = Debug|ARM64
		{2525673D-2E5A-314F-883A-6E9C3C22CC87}.Debug|x86.ActiveCfg = Debug|ARM64
		{2525673D-2E5A-314F-883A-6E9C3C22CC87}.Release|ARM.ActiveCfg = Release|ARM64
		{2525673D-2E5A-314F-883A-6E9C3C22CC87}.Release|ARM.Build.0 = Release|ARM64
		{2525673D-2E5A-314F-883A-6E9C3C22CC87}.Release|x64.ActiveCfg = Release|ARM64
		{2525673D-2E5A-314F-883A-6E9C3C22CC87}.Release|x86.ActiveCfg = Release|ARM64
		{792CC06A-C34B-3AA5-8FEC-6E8B4DF96B9C}.Debug|ARM.ActiveCfg = Debug|Win32
		{792CC06A-C34B-3AA5-8FEC-6E8B4DF96B9C}.Debug|x64.ActiveCfg = Debug|Win32
		{792CC06A-C34B-3AA5-8FEC-6E8B4DF96B9C}.Debug|x86.ActiveCfg = Debug|Win32
		{792CC06A-C34B-3AA5-8FEC-6E8B4DF96B9C}.Debug|x86.Build.0 = Debug|Win32
		{792CC06A-C34B-3AA5-8FEC-6E8B4DF96B9C}.Release|ARM.ActiveCfg = Release|Win32
		{792CC06A-C34B-3AA5-8FEC-6E8B4DF96B9C}.Release|x64.ActiveCfg = Release|Win32
		{792CC06A-C34B-3AA5-8FEC-6E8B4DF96B9C}.Release|x86.ActiveCfg = Release|Win32
		{792CC06A-C34B-3AA5-8FEC-6E8B4DF96B9C}.Release|x86.Build.0 = Release|Win32
		{AC230411-1BAC-3EB9-ACA5-89F22D7CC017}.Debug|ARM.ActiveCfg = Debug|x64
		{AC230411-1BAC-3EB9-ACA5-89F22D7CC017}.Debug|x64.ActiveCfg = Debug|x64
		{AC230411-1BAC-3EB9-ACA5-89F22D7CC017}.Debug|x64.Build.0 = Debug|x64
		{AC230411-1BAC-3EB9-ACA5-89F22D7CC017}.Debug|x86.ActiveCfg = Debug|x64
		{AC230411-1BAC-3EB9-ACA5-89F22D7CC017}.Release|ARM.ActiveCfg = Release|x64
		{AC230411-1BAC-3EB9-ACA5-89F22D7CC017}.Release|x64.ActiveCfg = Release|x64
		{AC230411-1BAC-3EB9-ACA5-89F22D7CC017}.Release|x64.Build.0 = Release|x64
		{AC230411-1BAC-3EB9-ACA5-89F22D7CC017}.Release|x86.ActiveCfg = Release|x64
		{D5926D71-3AA9-4597-BC48-872955231286}.Debug|ARM.ActiveCfg = Debug|x64
		{D5926D71-3AA9-4597-BC48-872955231286}.Debug|x64.ActiveCfg = Debug|x64
		{D5926D71-3AA9-4597-BC48-872955231286}.Debug|x64.Build.0 = Debug|x64
		{D5926D71-3AA9-4597-BC48-872955231286}.Debug|x86.ActiveCfg = Debug|x86
		{D5926D71-3AA9-4597-BC48-872955231286}.Debug|x86.Build.0 = Debug|x86
		{D5926D71-3AA9-4597-BC48-872955231286}.Release|ARM.ActiveCfg = Release|x64
		{D5926D71-3AA9-4597-BC48-872955231286}.Release|x64.ActiveCfg = Release|x64
		{D5926D71-3AA9-4597-BC48-872955231286}.Release|x64.Build.0 = Release|x64
		{D5926D71-3AA9-4597-BC48-872955231286}.Release|x86.ActiveCfg = Release|x86
		{D5926D71-3AA9-4597-BC48-872955231286}.Release|x86.Build.0 = Release|x86
		{B67E004C-D6A3-4B30-9796-7FDE05AB3CF0}.Debug|ARM.ActiveCfg = Debug|Any CPU
		{B67E004C-D6A3-4B30-9796-7FDE05AB3CF0}.Debug|ARM.Build.0 = Debug|Any CPU
		{B67E004C-D6A3-4B30-9796-7FDE05AB3CF0}.Debug|ARM.Deploy.0 = Debug|Any CPU
		{B67E004C-D6A3-4B30-9796-7FDE05AB3CF0}.Debug|x64.ActiveCfg = Debug|Any CPU
		{B67E004C-D6A3-4B30-9796-7FDE05AB3CF0}.Debug|x86.ActiveCfg = Debug|Any CPU
		{B67E004C-D6A3-4B30-9796-7FDE05AB3CF0}.Release|ARM.ActiveCfg = Release|Any CPU
		{B67E004C-D6A3-4B30-9796-7FDE05AB3CF0}.Release|ARM.Build.0 = Release|Any CPU
		{B67E004C-D6A3-4B30-9796-7FDE05AB3CF0}.Release|ARM.Deploy.0 = Release|Any CPU
		{B67E004C-D6A3-4B30-9796-7FDE05AB3CF0}.Release|x64.ActiveCfg = Release|Any CPU
		{B67E004C-D6A3-4B30-9796-7FDE05AB3CF0}.Release|x86.ActiveCfg = Release|Any CPU
	EndGlobalSection
	GlobalSection(SolutionProperties) = preSolution
		HideSolutionNode = FALSE
	EndGlobalSection
	GlobalSection(NestedProjects) = preSolution
		{1A729658-1405-0C19-8FF3-7CD8EA4D8750} = {36D591C7-65C7-A0D1-1CBC-10CDE441BDC8}
		{5A0092D3-FFF0-8372-7C76-8B0CB7D395AD} = {D820F155-B695-4715-B28A-4D8190371D03}
		{F575138A-8299-4729-BDD0-60BE56C94CDB} = {D820F155-B695-4715-B28A-4D8190371D03}
		{2AB2A3E3-690D-3D93-9BF6-F7FBE0A0201C} = {F575138A-8299-4729-BDD0-60BE56C94CDB}
		{684DA233-EC7C-46CA-9845-19E6448A52FC} = {D820F155-B695-4715-B28A-4D8190371D03}
		{2525673D-2E5A-314F-883A-6E9C3C22CC87} = {684DA233-EC7C-46CA-9845-19E6448A52FC}
		{6F943A42-4F8B-4A2F-AC64-117630007A98} = {36D591C7-65C7-A0D1-1CBC-10CDE441BDC8}
		{D173A1B7-14BE-4DC4-A66F-63DBAF493ABD} = {36D591C7-65C7-A0D1-1CBC-10CDE441BDC8}
		{792CC06A-C34B-3AA5-8FEC-6E8B4DF96B9C} = {6F943A42-4F8B-4A2F-AC64-117630007A98}
		{AC230411-1BAC-3EB9-ACA5-89F22D7CC017} = {D173A1B7-14BE-4DC4-A66F-63DBAF493ABD}
		{D5926D71-3AA9-4597-BC48-872955231286} = {7F712296-7B5B-4948-A1B7-0955A94308CA}
		{B67E004C-D6A3-4B30-9796-7FDE05AB3CF0} = {7F712296-7B5B-4948-A1B7-0955A94308CA}
	EndGlobalSection
	GlobalSection(ExtensibilityGlobals) = postSolution
		SolutionGuid = {ABC9B0E3-79FA-4760-A1B6-D09BE91538BC}
	EndGlobalSection
EndGlobal
